
Microsoft Visual Studio Solution File, Format Version 12.00
# Visual Studio Version 17
VisualStudioVersion = 17.4.33213.308
MinimumVisualStudioVersion = 10.0.40219.1
Project("{FAE04EC0-301F-11D3-BF4B-00C04F79EFBC}") = "StudentAdminPortal.API", "StudentAdminPortal.API\StudentAdminPortal.API.csproj", "{07D6A901-70A1-4884-9EC6-9091DE137D11}"
EndProject
Global
	GlobalSection(SolutionConfigurationPlatforms) = preSolution
		Debug|Any CPU = Debug|Any CPU
		Release|Any CPU = Release|Any CPU
	EndGlobalSection
	GlobalSection(ProjectConfigurationPlatforms) = postSolution
		{07D6A901-70A1-4884-9EC6-9091DE137D11}.Debug|Any CPU.ActiveCfg = Debug|Any CPU
		{07D6A901-70A1-4884-9EC6-9091DE137D11}.Debug|Any CPU.Build.0 = Debug|Any CPU
		{07D6A901-70A1-4884-9EC6-9091DE137D11}.Release|Any CPU.ActiveCfg = Release|Any CPU
		{07D6A901-70A1-4884-9EC6-9091DE137D11}.Release|Any CPU.Build.0 = Release|Any CPU
	EndGlobalSection
	GlobalSection(SolutionProperties) = preSolution
		HideSolutionNode = FALSE
	EndGlobalSection
	GlobalSection(ExtensibilityGlobals) = postSolution
		SolutionGuid = {D1A7220F-7F75-4C87-AE4C-73F56A3C18FE}
	EndGlobalSection
EndGlobal
